
Microsoft Visual Studio Solution File, Format Version 12.00
# Visual Studio Version 17
VisualStudioVersion = 17.1.32414.318
MinimumVisualStudioVersion = 10.0.40219.1
Project("{FAE04EC0-301F-11D3-BF4B-00C04F79EFBC}") = "MoneyTracker", "MoneyTracker\MoneyTracker.csproj", "{C0AE78B9-3377-47B8-AB48-B0E0734A7379}"
EndProject
Global
	GlobalSection(SolutionConfigurationPlatforms) = preSolution
		Debug|Any CPU = Debug|Any CPU
		Release|Any CPU = Release|Any CPU
	EndGlobalSection
	GlobalSection(ProjectConfigurationPlatforms) = postSolution
		{C0AE78B9-3377-47B8-AB48-B0E0734A7379}.Debug|Any CPU.ActiveCfg = Debug|Any CPU
		{C0AE78B9-3377-47B8-AB48-B0E0734A7379}.Debug|Any CPU.Build.0 = Debug|Any CPU
		{C0AE78B9-3377-47B8-AB48-B0E0734A7379}.Release|Any CPU.ActiveCfg = Release|Any CPU
		{C0AE78B9-3377-47B8-AB48-B0E0734A7379}.Release|Any CPU.Build.0 = Release|Any CPU
	EndGlobalSection
	GlobalSection(SolutionProperties) = preSolution
		HideSolutionNode = FALSE
	EndGlobalSection
	GlobalSection(ExtensibilityGlobals) = postSolution
		SolutionGuid = {AD2DC893-016E-4BD3-BE77-F87BB3265F8D}
	EndGlobalSection
EndGlobal
